
Microsoft Visual Studio Solution File, Format Version 12.00
# Visual Studio Version 17
VisualStudioVersion = 17.0.32014.148
MinimumVisualStudioVersion = 10.0.40219.1
Project("{9A19103F-16F7-4668-BE54-9A1E7A4F7556}") = "Domain", "Source\Domain\Domain.csproj", "{D4A2F719-073B-4CC4-A28C-B7BCDF97F65B}"
EndProject
Project("{2150E333-8FDC-42A3-9474-1A3956D46DE8}") = "Source", "Source", "{39CA6719-7F11-4A72-946C-8970E56C4658}"
EndProject
Project("{2150E333-8FDC-42A3-9474-1A3956D46DE8}") = "Tests", "Tests", "{C4046A49-D1FA-400C-B7D7-5414868DDCE8}"
EndProject
Project("{9A19103F-16F7-4668-BE54-9A1E7A4F7556}") = "Infrastructure", "Source\Infrastructure\Infrastructure.csproj", "{8B62AF3A-C232-46ED-979E-010B753CE5D3}"
EndProject
Project("{2150E333-8FDC-42A3-9474-1A3956D46DE8}") = "Web", "Web", "{C4071F52-4845-40DB-BF73-9625EB786C64}"
EndProject
Project("{9A19103F-16F7-4668-BE54-9A1E7A4F7556}") = "Application", "Source\Application\Application.csproj", "{9BA3E074-87AE-40D9-B689-7F1B6AC6D7E0}"
EndProject
Project("{9A19103F-16F7-4668-BE54-9A1E7A4F7556}") = "Common", "Source\Web\DTOs\Common.csproj", "{601C36BA-7AAF-456C-9FC5-91A166D9BF5A}"
EndProject
Project("{9A19103F-16F7-4668-BE54-9A1E7A4F7556}") = "WebServer", "Source\Web\WebServer\WebServer.csproj", "{C14DC1DC-EB41-45A9-A27B-7DA3A94BF2C4}"
EndProject
Project("{9A19103F-16F7-4668-BE54-9A1E7A4F7556}") = "WebWasmClient", "Source\Web\WebWasmClient\WebWasmClient.csproj", "{46232C37-B89E-45C1-9ACB-E0707FC9CF96}"
EndProject
Project("{9A19103F-16F7-4668-BE54-9A1E7A4F7556}") = "ArchitectureTests", "Tests\ArchitectureTests\ArchitectureTests.csproj", "{592A64E3-3D1A-4B58-B57E-7CB02224CA4A}"
EndProject
Project("{9A19103F-16F7-4668-BE54-9A1E7A4F7556}") = "UnitTests", "Tests\UnitTests\UnitTests.csproj", "{8516652E-DAFF-4354-AC22-006CC731EB1C}"
EndProject
Project("{9A19103F-16F7-4668-BE54-9A1E7A4F7556}") = "IntegrationTests", "Tests\IntegrationTests\IntegrationTests.csproj", "{2E006C34-0AC7-44A7-806B-E4107966C89A}"
EndProject
Global
	GlobalSection(SolutionConfigurationPlatforms) = preSolution
		Debug|Any CPU = Debug|Any CPU
		Release|Any CPU = Release|Any CPU
	EndGlobalSection
	GlobalSection(ProjectConfigurationPlatforms) = postSolution
		{D4A2F719-073B-4CC4-A28C-B7BCDF97F65B}.Debug|Any CPU.ActiveCfg = Debug|Any CPU
		{D4A2F719-073B-4CC4-A28C-B7BCDF97F65B}.Debug|Any CPU.Build.0 = Debug|Any CPU
		{D4A2F719-073B-4CC4-A28C-B7BCDF97F65B}.Release|Any CPU.ActiveCfg = Release|Any CPU
		{D4A2F719-073B-4CC4-A28C-B7BCDF97F65B}.Release|Any CPU.Build.0 = Release|Any CPU
		{8B62AF3A-C232-46ED-979E-010B753CE5D3}.Debug|Any CPU.ActiveCfg = Debug|Any CPU
		{8B62AF3A-C232-46ED-979E-010B753CE5D3}.Debug|Any CPU.Build.0 = Debug|Any CPU
		{8B62AF3A-C232-46ED-979E-010B753CE5D3}.Release|Any CPU.ActiveCfg = Release|Any CPU
		{8B62AF3A-C232-46ED-979E-010B753CE5D3}.Release|Any CPU.Build.0 = Release|Any CPU
		{9BA3E074-87AE-40D9-B689-7F1B6AC6D7E0}.Debug|Any CPU.ActiveCfg = Debug|Any CPU
		{9BA3E074-87AE-40D9-B689-7F1B6AC6D7E0}.Debug|Any CPU.Build.0 = Debug|Any CPU
		{9BA3E074-87AE-40D9-B689-7F1B6AC6D7E0}.Release|Any CPU.ActiveCfg = Release|Any CPU
		{9BA3E074-87AE-40D9-B689-7F1B6AC6D7E0}.Release|Any CPU.Build.0 = Release|Any CPU
		{601C36BA-7AAF-456C-9FC5-91A166D9BF5A}.Debug|Any CPU.ActiveCfg = Debug|Any CPU
		{601C36BA-7AAF-456C-9FC5-91A166D9BF5A}.Debug|Any CPU.Build.0 = Debug|Any CPU
		{601C36BA-7AAF-456C-9FC5-91A166D9BF5A}.Release|Any CPU.ActiveCfg = Release|Any CPU
		{601C36BA-7AAF-456C-9FC5-91A166D9BF5A}.Release|Any CPU.Build.0 = Release|Any CPU
		{C14DC1DC-EB41-45A9-A27B-7DA3A94BF2C4}.Debug|Any CPU.ActiveCfg = Debug|Any CPU
		{C14DC1DC-EB41-45A9-A27B-7DA3A94BF2C4}.Debug|Any CPU.Build.0 = Debug|Any CPU
		{C14DC1DC-EB41-45A9-A27B-7DA3A94BF2C4}.Release|Any CPU.ActiveCfg = Release|Any CPU
		{C14DC1DC-EB41-45A9-A27B-7DA3A94BF2C4}.Release|Any CPU.Build.0 = Release|Any CPU
		{46232C37-B89E-45C1-9ACB-E0707FC9CF96}.Debug|Any CPU.ActiveCfg = Debug|Any CPU
		{46232C37-B89E-45C1-9ACB-E0707FC9CF96}.Debug|Any CPU.Build.0 = Debug|Any CPU
		{46232C37-B89E-45C1-9ACB-E0707FC9CF96}.Release|Any CPU.ActiveCfg = Release|Any CPU
		{46232C37-B89E-45C1-9ACB-E0707FC9CF96}.Release|Any CPU.Build.0 = Release|Any CPU
		{592A64E3-3D1A-4B58-B57E-7CB02224CA4A}.Debug|Any CPU.ActiveCfg = Debug|Any CPU
		{592A64E3-3D1A-4B58-B57E-7CB02224CA4A}.Debug|Any CPU.Build.0 = Debug|Any CPU
		{592A64E3-3D1A-4B58-B57E-7CB02224CA4A}.Release|Any CPU.ActiveCfg = Release|Any CPU
		{592A64E3-3D1A-4B58-B57E-7CB02224CA4A}.Release|Any CPU.Build.0 = Release|Any CPU
		{8516652E-DAFF-4354-AC22-006CC731EB1C}.Debug|Any CPU.ActiveCfg = Debug|Any CPU
		{8516652E-DAFF-4354-AC22-006CC731EB1C}.Debug|Any CPU.Build.0 = Debug|Any CPU
		{8516652E-DAFF-4354-AC22-006CC731EB1C}.Release|Any CPU.ActiveCfg = Release|Any CPU
		{8516652E-DAFF-4354-AC22-006CC731EB1C}.Release|Any CPU.Build.0 = Release|Any CPU
		{2E006C34-0AC7-44A7-806B-E4107966C89A}.Debug|Any CPU.ActiveCfg = Debug|Any CPU
		{2E006C34-0AC7-44A7-806B-E4107966C89A}.Debug|Any CPU.Build.0 = Debug|Any CPU
		{2E006C34-0AC7-44A7-806B-E4107966C89A}.Release|Any CPU.ActiveCfg = Release|Any CPU
		{2E006C34-0AC7-44A7-806B-E4107966C89A}.Release|Any CPU.Build.0 = Release|Any CPU
	EndGlobalSection
	GlobalSection(SolutionProperties) = preSolution
		HideSolutionNode = FALSE
	EndGlobalSection
	GlobalSection(NestedProjects) = preSolution
		{D4A2F719-073B-4CC4-A28C-B7BCDF97F65B} = {39CA6719-7F11-4A72-946C-8970E56C4658}
		{8B62AF3A-C232-46ED-979E-010B753CE5D3} = {39CA6719-7F11-4A72-946C-8970E56C4658}
		{C4071F52-4845-40DB-BF73-9625EB786C64} = {39CA6719-7F11-4A72-946C-8970E56C4658}
		{9BA3E074-87AE-40D9-B689-7F1B6AC6D7E0} = {39CA6719-7F11-4A72-946C-8970E56C4658}
		{601C36BA-7AAF-456C-9FC5-91A166D9BF5A} = {C4071F52-4845-40DB-BF73-9625EB786C64}
		{C14DC1DC-EB41-45A9-A27B-7DA3A94BF2C4} = {C4071F52-4845-40DB-BF73-9625EB786C64}
		{46232C37-B89E-45C1-9ACB-E0707FC9CF96} = {C4071F52-4845-40DB-BF73-9625EB786C64}
		{592A64E3-3D1A-4B58-B57E-7CB02224CA4A} = {C4046A49-D1FA-400C-B7D7-5414868DDCE8}
		{8516652E-DAFF-4354-AC22-006CC731EB1C} = {C4046A49-D1FA-400C-B7D7-5414868DDCE8}
		{2E006C34-0AC7-44A7-806B-E4107966C89A} = {C4046A49-D1FA-400C-B7D7-5414868DDCE8}
	EndGlobalSection
	GlobalSection(ExtensibilityGlobals) = postSolution
		SolutionGuid = {0F7E334F-E2EF-47B9-BA58-4BC4C85E01A7}
	EndGlobalSection
EndGlobal
