
Microsoft Visual Studio Solution File, Format Version 12.00
# Visual Studio Version 17
VisualStudioVersion = 17.0.32014.148
MinimumVisualStudioVersion = 10.0.40219.1
Project("{9A19103F-16F7-4668-BE54-9A1E7A4F7556}") = "SharedKernel", "Source\SharedKernel\SharedKernel.csproj", "{D4A2F719-073B-4CC4-A28C-B7BCDF97F65B}"
EndProject
Project("{2150E333-8FDC-42A3-9474-1A3956D46DE8}") = "Source", "Source", "{39CA6719-7F11-4A72-946C-8970E56C4658}"
EndProject
Project("{2150E333-8FDC-42A3-9474-1A3956D46DE8}") = "Tests", "Tests", "{C4046A49-D1FA-400C-B7D7-5414868DDCE8}"
EndProject
Project("{9A19103F-16F7-4668-BE54-9A1E7A4F7556}") = "BaseInfrastructure", "Source\Modules\BaseInfrastructure\BaseInfrastructure.csproj", "{8B62AF3A-C232-46ED-979E-010B753CE5D3}"
EndProject
Project("{2150E333-8FDC-42A3-9474-1A3956D46DE8}") = "Web", "Web", "{C4071F52-4845-40DB-BF73-9625EB786C64}"
EndProject
Project("{9A19103F-16F7-4668-BE54-9A1E7A4F7556}") = "WebServer", "Source\Web\WebServer\WebServer.csproj", "{C14DC1DC-EB41-45A9-A27B-7DA3A94BF2C4}"
EndProject
Project("{9A19103F-16F7-4668-BE54-9A1E7A4F7556}") = "WebWasmClient", "Source\Web\WebWasmClient\WebWasmClient.csproj", "{46232C37-B89E-45C1-9ACB-E0707FC9CF96}"
EndProject
Project("{9A19103F-16F7-4668-BE54-9A1E7A4F7556}") = "ArchitectureTests", "Tests\ArchitectureTests\ArchitectureTests.csproj", "{592A64E3-3D1A-4B58-B57E-7CB02224CA4A}"
EndProject
Project("{9A19103F-16F7-4668-BE54-9A1E7A4F7556}") = "UnitTests", "Tests\UnitTests\UnitTests.csproj", "{8516652E-DAFF-4354-AC22-006CC731EB1C}"
EndProject
Project("{9A19103F-16F7-4668-BE54-9A1E7A4F7556}") = "IntegrationTests", "Tests\IntegrationTests\IntegrationTests.csproj", "{2E006C34-0AC7-44A7-806B-E4107966C89A}"
EndProject
Project("{2150E333-8FDC-42A3-9474-1A3956D46DE8}") = "Modules", "Modules", "{FA1B1370-AD0B-457B-8F6A-E6ABF5FE65B3}"
EndProject
Project("{2150E333-8FDC-42A3-9474-1A3956D46DE8}") = "ChannelModule", "ChannelModule", "{1E39B7E5-98E3-4299-8213-9339D0353A03}"
EndProject
Project("{2150E333-8FDC-42A3-9474-1A3956D46DE8}") = "LandingPagesModule", "LandingPagesModule", "{E0B90562-C57B-47C3-9219-8F0DBF17F892}"
EndProject
Project("{2150E333-8FDC-42A3-9474-1A3956D46DE8}") = "IdentityModule", "IdentityModule", "{079DDB18-9A5C-4536-AF54-3FF2D3667B32}"
EndProject
Project("{2150E333-8FDC-42A3-9474-1A3956D46DE8}") = "SubscriptionModule", "SubscriptionModule", "{13F35C45-6601-4F92-9CB9-9F5DAD2146F4}"
EndProject
Project("{2150E333-8FDC-42A3-9474-1A3956D46DE8}") = "TenantModule", "TenantModule", "{2EAB9402-18B3-494D-AF82-D63E296A012F}"
EndProject
Project("{9A19103F-16F7-4668-BE54-9A1E7A4F7556}") = "Domain", "Source\Modules\TenantModule\Layers\Domain\Domain.csproj", "{CD16A60B-CCF1-4526-9AD3-86C204173F49}"
EndProject
Project("{9A19103F-16F7-4668-BE54-9A1E7A4F7556}") = "Infrastructure", "Source\Modules\TenantModule\Layers\Infrastructure\Infrastructure.csproj", "{926A7E73-DC0B-4F89-B10C-10A59E870725}"
EndProject
Project("{9A19103F-16F7-4668-BE54-9A1E7A4F7556}") = "Application", "Source\Modules\TenantModule\Layers\Application\Application.csproj", "{C6A2340E-F955-41EE-B846-7E8F3879B73E}"
EndProject
Project("{9A19103F-16F7-4668-BE54-9A1E7A4F7556}") = "Domain", "Source\Modules\SubscriptionModule\Layers\Domain\Domain.csproj", "{8BAC0CBA-4807-4523-858F-625597C5D9CC}"
EndProject
Project("{9A19103F-16F7-4668-BE54-9A1E7A4F7556}") = "Application", "Source\Modules\SubscriptionModule\Layers\Application\Application.csproj", "{03AE53E7-13D4-4EEF-9110-8EE41D29D70F}"
EndProject
Project("{9A19103F-16F7-4668-BE54-9A1E7A4F7556}") = "Infrastructure", "Source\Modules\SubscriptionModule\Layers\Infrastructure\Infrastructure.csproj", "{F0B185E4-E3EF-420B-BA3B-8118FAD9123D}"
EndProject
Project("{9A19103F-16F7-4668-BE54-9A1E7A4F7556}") = "Domain", "Source\Modules\LandingPagesModule\Domain\Domain.csproj", "{CAE17E0F-6831-4171-BAEB-90D6066224FE}"
EndProject
Project("{9A19103F-16F7-4668-BE54-9A1E7A4F7556}") = "Domain", "Source\Modules\IdentityModule\Layers\Domain\Domain.csproj", "{35287940-2F8B-46F8-8FA9-48FBC36AB18D}"
EndProject
Project("{9A19103F-16F7-4668-BE54-9A1E7A4F7556}") = "Application", "Source\Modules\IdentityModule\Layers\Application\Application.csproj", "{6DA49FB9-65BD-4B91-A521-EC5377664086}"
EndProject
Project("{9A19103F-16F7-4668-BE54-9A1E7A4F7556}") = "Infrastructure", "Source\Modules\IdentityModule\Layers\Infrastructure\Infrastructure.csproj", "{B7647582-8383-4FD7-8464-5F0B46437904}"
EndProject
Project("{2150E333-8FDC-42A3-9474-1A3956D46DE8}") = "Layers", "Layers", "{57A8F495-C2FE-458D-AC8B-80BCDC22ACFA}"
EndProject
Project("{2150E333-8FDC-42A3-9474-1A3956D46DE8}") = "Layers", "Layers", "{91655432-3E46-4F2B-B2DF-7B9ACF411976}"
EndProject
Project("{2150E333-8FDC-42A3-9474-1A3956D46DE8}") = "Layers", "Layers", "{EAA8C0A5-6349-4CF1-BFA2-8AE55CA4AD76}"
EndProject
Project("{2150E333-8FDC-42A3-9474-1A3956D46DE8}") = "Layers", "Layers", "{372C7BF8-E3A6-45E0-A530-7950D140876F}"
EndProject
Project("{9A19103F-16F7-4668-BE54-9A1E7A4F7556}") = "LandingPagesModule", "Source\Modules\LandingPagesModule\LandingPagesModule\LandingPagesModule.csproj", "{AA658869-5849-4106-B4A7-47480D30F2C0}"
EndProject
Project("{FAE04EC0-301F-11D3-BF4B-00C04F79EFBC}") = "Domain", "Source\Modules\ChannelModule\Layers\Domain\Domain.csproj", "{B0AA67CA-D403-4159-8ADB-751906142546}"
EndProject
Project("{FAE04EC0-301F-11D3-BF4B-00C04F79EFBC}") = "Application", "Source\Modules\ChannelModule\Layers\Application\Application.csproj", "{16A4440C-CB3A-4EF7-8BB5-2345005E971D}"
EndProject
Project("{FAE04EC0-301F-11D3-BF4B-00C04F79EFBC}") = "Infrastructure", "Source\Modules\ChannelModule\Layers\Infrastructure\Infrastructure.csproj", "{FF0A5123-28E9-4E2C-9C70-CACBA3BFCF73}"
EndProject
Project("{2150E333-8FDC-42A3-9474-1A3956D46DE8}") = "Web", "Web", "{9AF86631-FFC8-4440-8ED1-7EB07CF8C1B0}"
EndProject
Project("{FAE04EC0-301F-11D3-BF4B-00C04F79EFBC}") = "DTOs", "Source\Modules\ChannelModule\Web\DTOs\DTOs.csproj", "{88AD44BF-5583-403F-AC86-6DA7958A15C1}"
EndProject
Project("{FAE04EC0-301F-11D3-BF4B-00C04F79EFBC}") = "ChannelClientModule", "Source\Modules\ChannelModule\Web\ChannelContextComponents\ChannelClientModule.csproj", "{33561EDE-5EEA-40E5-832D-F4D85C8E8F9A}"
EndProject
Project("{FAE04EC0-301F-11D3-BF4B-00C04F79EFBC}") = "ChannelServerModule", "Source\Modules\ChannelModule\Web\Controllers\ChannelServerModule.csproj", "{7CB64A72-F6F5-4866-B945-FB85015956C8}"
EndProject
Project("{2150E333-8FDC-42A3-9474-1A3956D46DE8}") = "Web", "Web", "{2D1791AF-5422-4FC9-B51B-CB1E86FA1919}"
EndProject
Project("{FAE04EC0-301F-11D3-BF4B-00C04F79EFBC}") = "DTOs", "Source\Modules\IdentityModule\Web\DTOs\DTOs.csproj", "{6F39355E-36DA-4AEC-A195-4807B38936D5}"
EndProject
Project("{FAE04EC0-301F-11D3-BF4B-00C04F79EFBC}") = "IdentityServerModule", "Source\Modules\IdentityModule\Web\IdentityServerModule\IdentityServerModule.csproj", "{97A53F03-F092-4FDB-A9C2-F4F873232498}"
EndProject
Project("{FAE04EC0-301F-11D3-BF4B-00C04F79EFBC}") = "IdentityClientModule", "Source\Modules\IdentityModule\Web\IdentityClientModule\IdentityClientModule.csproj", "{49570981-407B-4102-B0DF-6C870CD5D901}"
EndProject
Project("{2150E333-8FDC-42A3-9474-1A3956D46DE8}") = "Web", "Web", "{482A3925-DB00-4CF7-9114-D6645247E27A}"
EndProject
Project("{2150E333-8FDC-42A3-9474-1A3956D46DE8}") = "Web", "Web", "{72A10975-E4B4-4948-9205-3DED122B216F}"
EndProject
Project("{FAE04EC0-301F-11D3-BF4B-00C04F79EFBC}") = "DTOs", "Source\Modules\TenantModule\Web\DTOs\DTOs.csproj", "{4E2274AD-7009-40AD-B4A5-4A5989CE37BF}"
EndProject
Project("{FAE04EC0-301F-11D3-BF4B-00C04F79EFBC}") = "TenantServerModule", "Source\Modules\TenantModule\Web\TenantServerModule\TenantServerModule.csproj", "{4C83807E-706F-459F-BE57-E4EE27A60946}"
EndProject
Project("{FAE04EC0-301F-11D3-BF4B-00C04F79EFBC}") = "TenantClientModule", "Source\Modules\TenantModule\Web\TenantClientModule\TenantClientModule.csproj", "{642F9A6D-7AA1-4B0E-9F38-B86693CDEA80}"
EndProject
Project("{FAE04EC0-301F-11D3-BF4B-00C04F79EFBC}") = "DTOs", "Source\Modules\SubscriptionModule\Web\DTOs\DTOs.csproj", "{39685BEE-EF76-4342-A745-5144E1F412F8}"
EndProject
Project("{FAE04EC0-301F-11D3-BF4B-00C04F79EFBC}") = "SubscriptionServerModule", "Source\Modules\SubscriptionModule\Web\SubscriptionServerModule\SubscriptionServerModule.csproj", "{F399EA8D-B9DA-45C8-BE08-30E4D89E602C}"
EndProject
Project("{FAE04EC0-301F-11D3-BF4B-00C04F79EFBC}") = "SubscriptionClientModule", "Source\Modules\SubscriptionModule\Web\SubscriptionClientModule\SubscriptionClientModule.csproj", "{3F9C319D-287D-489A-972E-00FD18C2F011}"
EndProject
Global
	GlobalSection(SolutionConfigurationPlatforms) = preSolution
		Debug|Any CPU = Debug|Any CPU
		Release|Any CPU = Release|Any CPU
	EndGlobalSection
	GlobalSection(ProjectConfigurationPlatforms) = postSolution
		{D4A2F719-073B-4CC4-A28C-B7BCDF97F65B}.Debug|Any CPU.ActiveCfg = Debug|Any CPU
		{D4A2F719-073B-4CC4-A28C-B7BCDF97F65B}.Debug|Any CPU.Build.0 = Debug|Any CPU
		{D4A2F719-073B-4CC4-A28C-B7BCDF97F65B}.Release|Any CPU.ActiveCfg = Release|Any CPU
		{D4A2F719-073B-4CC4-A28C-B7BCDF97F65B}.Release|Any CPU.Build.0 = Release|Any CPU
		{8B62AF3A-C232-46ED-979E-010B753CE5D3}.Debug|Any CPU.ActiveCfg = Debug|Any CPU
		{8B62AF3A-C232-46ED-979E-010B753CE5D3}.Debug|Any CPU.Build.0 = Debug|Any CPU
		{8B62AF3A-C232-46ED-979E-010B753CE5D3}.Release|Any CPU.ActiveCfg = Release|Any CPU
		{8B62AF3A-C232-46ED-979E-010B753CE5D3}.Release|Any CPU.Build.0 = Release|Any CPU
		{C14DC1DC-EB41-45A9-A27B-7DA3A94BF2C4}.Debug|Any CPU.ActiveCfg = Debug|Any CPU
		{C14DC1DC-EB41-45A9-A27B-7DA3A94BF2C4}.Debug|Any CPU.Build.0 = Debug|Any CPU
		{C14DC1DC-EB41-45A9-A27B-7DA3A94BF2C4}.Release|Any CPU.ActiveCfg = Release|Any CPU
		{C14DC1DC-EB41-45A9-A27B-7DA3A94BF2C4}.Release|Any CPU.Build.0 = Release|Any CPU
		{46232C37-B89E-45C1-9ACB-E0707FC9CF96}.Debug|Any CPU.ActiveCfg = Debug|Any CPU
		{46232C37-B89E-45C1-9ACB-E0707FC9CF96}.Debug|Any CPU.Build.0 = Debug|Any CPU
		{46232C37-B89E-45C1-9ACB-E0707FC9CF96}.Release|Any CPU.ActiveCfg = Release|Any CPU
		{46232C37-B89E-45C1-9ACB-E0707FC9CF96}.Release|Any CPU.Build.0 = Release|Any CPU
		{592A64E3-3D1A-4B58-B57E-7CB02224CA4A}.Debug|Any CPU.ActiveCfg = Debug|Any CPU
		{592A64E3-3D1A-4B58-B57E-7CB02224CA4A}.Debug|Any CPU.Build.0 = Debug|Any CPU
		{592A64E3-3D1A-4B58-B57E-7CB02224CA4A}.Release|Any CPU.ActiveCfg = Release|Any CPU
		{592A64E3-3D1A-4B58-B57E-7CB02224CA4A}.Release|Any CPU.Build.0 = Release|Any CPU
		{8516652E-DAFF-4354-AC22-006CC731EB1C}.Debug|Any CPU.ActiveCfg = Debug|Any CPU
		{8516652E-DAFF-4354-AC22-006CC731EB1C}.Debug|Any CPU.Build.0 = Debug|Any CPU
		{8516652E-DAFF-4354-AC22-006CC731EB1C}.Release|Any CPU.ActiveCfg = Release|Any CPU
		{8516652E-DAFF-4354-AC22-006CC731EB1C}.Release|Any CPU.Build.0 = Release|Any CPU
		{2E006C34-0AC7-44A7-806B-E4107966C89A}.Debug|Any CPU.ActiveCfg = Debug|Any CPU
		{2E006C34-0AC7-44A7-806B-E4107966C89A}.Debug|Any CPU.Build.0 = Debug|Any CPU
		{2E006C34-0AC7-44A7-806B-E4107966C89A}.Release|Any CPU.ActiveCfg = Release|Any CPU
		{2E006C34-0AC7-44A7-806B-E4107966C89A}.Release|Any CPU.Build.0 = Release|Any CPU
		{CD16A60B-CCF1-4526-9AD3-86C204173F49}.Debug|Any CPU.ActiveCfg = Debug|Any CPU
		{CD16A60B-CCF1-4526-9AD3-86C204173F49}.Debug|Any CPU.Build.0 = Debug|Any CPU
		{CD16A60B-CCF1-4526-9AD3-86C204173F49}.Release|Any CPU.ActiveCfg = Release|Any CPU
		{CD16A60B-CCF1-4526-9AD3-86C204173F49}.Release|Any CPU.Build.0 = Release|Any CPU
		{926A7E73-DC0B-4F89-B10C-10A59E870725}.Debug|Any CPU.ActiveCfg = Debug|Any CPU
		{926A7E73-DC0B-4F89-B10C-10A59E870725}.Debug|Any CPU.Build.0 = Debug|Any CPU
		{926A7E73-DC0B-4F89-B10C-10A59E870725}.Release|Any CPU.ActiveCfg = Release|Any CPU
		{926A7E73-DC0B-4F89-B10C-10A59E870725}.Release|Any CPU.Build.0 = Release|Any CPU
		{C6A2340E-F955-41EE-B846-7E8F3879B73E}.Debug|Any CPU.ActiveCfg = Debug|Any CPU
		{C6A2340E-F955-41EE-B846-7E8F3879B73E}.Debug|Any CPU.Build.0 = Debug|Any CPU
		{C6A2340E-F955-41EE-B846-7E8F3879B73E}.Release|Any CPU.ActiveCfg = Release|Any CPU
		{C6A2340E-F955-41EE-B846-7E8F3879B73E}.Release|Any CPU.Build.0 = Release|Any CPU
		{8BAC0CBA-4807-4523-858F-625597C5D9CC}.Debug|Any CPU.ActiveCfg = Debug|Any CPU
		{8BAC0CBA-4807-4523-858F-625597C5D9CC}.Debug|Any CPU.Build.0 = Debug|Any CPU
		{8BAC0CBA-4807-4523-858F-625597C5D9CC}.Release|Any CPU.ActiveCfg = Release|Any CPU
		{8BAC0CBA-4807-4523-858F-625597C5D9CC}.Release|Any CPU.Build.0 = Release|Any CPU
		{03AE53E7-13D4-4EEF-9110-8EE41D29D70F}.Debug|Any CPU.ActiveCfg = Debug|Any CPU
		{03AE53E7-13D4-4EEF-9110-8EE41D29D70F}.Debug|Any CPU.Build.0 = Debug|Any CPU
		{03AE53E7-13D4-4EEF-9110-8EE41D29D70F}.Release|Any CPU.ActiveCfg = Release|Any CPU
		{03AE53E7-13D4-4EEF-9110-8EE41D29D70F}.Release|Any CPU.Build.0 = Release|Any CPU
		{F0B185E4-E3EF-420B-BA3B-8118FAD9123D}.Debug|Any CPU.ActiveCfg = Debug|Any CPU
		{F0B185E4-E3EF-420B-BA3B-8118FAD9123D}.Debug|Any CPU.Build.0 = Debug|Any CPU
		{F0B185E4-E3EF-420B-BA3B-8118FAD9123D}.Release|Any CPU.ActiveCfg = Release|Any CPU
		{F0B185E4-E3EF-420B-BA3B-8118FAD9123D}.Release|Any CPU.Build.0 = Release|Any CPU
		{CAE17E0F-6831-4171-BAEB-90D6066224FE}.Debug|Any CPU.ActiveCfg = Debug|Any CPU
		{CAE17E0F-6831-4171-BAEB-90D6066224FE}.Debug|Any CPU.Build.0 = Debug|Any CPU
		{CAE17E0F-6831-4171-BAEB-90D6066224FE}.Release|Any CPU.ActiveCfg = Release|Any CPU
		{CAE17E0F-6831-4171-BAEB-90D6066224FE}.Release|Any CPU.Build.0 = Release|Any CPU
		{35287940-2F8B-46F8-8FA9-48FBC36AB18D}.Debug|Any CPU.ActiveCfg = Debug|Any CPU
		{35287940-2F8B-46F8-8FA9-48FBC36AB18D}.Debug|Any CPU.Build.0 = Debug|Any CPU
		{35287940-2F8B-46F8-8FA9-48FBC36AB18D}.Release|Any CPU.ActiveCfg = Release|Any CPU
		{35287940-2F8B-46F8-8FA9-48FBC36AB18D}.Release|Any CPU.Build.0 = Release|Any CPU
		{6DA49FB9-65BD-4B91-A521-EC5377664086}.Debug|Any CPU.ActiveCfg = Debug|Any CPU
		{6DA49FB9-65BD-4B91-A521-EC5377664086}.Debug|Any CPU.Build.0 = Debug|Any CPU
		{6DA49FB9-65BD-4B91-A521-EC5377664086}.Release|Any CPU.ActiveCfg = Release|Any CPU
		{6DA49FB9-65BD-4B91-A521-EC5377664086}.Release|Any CPU.Build.0 = Release|Any CPU
		{B7647582-8383-4FD7-8464-5F0B46437904}.Debug|Any CPU.ActiveCfg = Debug|Any CPU
		{B7647582-8383-4FD7-8464-5F0B46437904}.Debug|Any CPU.Build.0 = Debug|Any CPU
		{B7647582-8383-4FD7-8464-5F0B46437904}.Release|Any CPU.ActiveCfg = Release|Any CPU
		{B7647582-8383-4FD7-8464-5F0B46437904}.Release|Any CPU.Build.0 = Release|Any CPU
		{AA658869-5849-4106-B4A7-47480D30F2C0}.Debug|Any CPU.ActiveCfg = Debug|Any CPU
		{AA658869-5849-4106-B4A7-47480D30F2C0}.Debug|Any CPU.Build.0 = Debug|Any CPU
		{AA658869-5849-4106-B4A7-47480D30F2C0}.Release|Any CPU.ActiveCfg = Release|Any CPU
		{AA658869-5849-4106-B4A7-47480D30F2C0}.Release|Any CPU.Build.0 = Release|Any CPU
		{B0AA67CA-D403-4159-8ADB-751906142546}.Debug|Any CPU.ActiveCfg = Debug|Any CPU
		{B0AA67CA-D403-4159-8ADB-751906142546}.Debug|Any CPU.Build.0 = Debug|Any CPU
		{B0AA67CA-D403-4159-8ADB-751906142546}.Release|Any CPU.ActiveCfg = Release|Any CPU
		{B0AA67CA-D403-4159-8ADB-751906142546}.Release|Any CPU.Build.0 = Release|Any CPU
		{16A4440C-CB3A-4EF7-8BB5-2345005E971D}.Debug|Any CPU.ActiveCfg = Debug|Any CPU
		{16A4440C-CB3A-4EF7-8BB5-2345005E971D}.Debug|Any CPU.Build.0 = Debug|Any CPU
		{16A4440C-CB3A-4EF7-8BB5-2345005E971D}.Release|Any CPU.ActiveCfg = Release|Any CPU
		{16A4440C-CB3A-4EF7-8BB5-2345005E971D}.Release|Any CPU.Build.0 = Release|Any CPU
		{FF0A5123-28E9-4E2C-9C70-CACBA3BFCF73}.Debug|Any CPU.ActiveCfg = Debug|Any CPU
		{FF0A5123-28E9-4E2C-9C70-CACBA3BFCF73}.Debug|Any CPU.Build.0 = Debug|Any CPU
		{FF0A5123-28E9-4E2C-9C70-CACBA3BFCF73}.Release|Any CPU.ActiveCfg = Release|Any CPU
		{FF0A5123-28E9-4E2C-9C70-CACBA3BFCF73}.Release|Any CPU.Build.0 = Release|Any CPU
		{88AD44BF-5583-403F-AC86-6DA7958A15C1}.Debug|Any CPU.ActiveCfg = Debug|Any CPU
		{88AD44BF-5583-403F-AC86-6DA7958A15C1}.Debug|Any CPU.Build.0 = Debug|Any CPU
		{88AD44BF-5583-403F-AC86-6DA7958A15C1}.Release|Any CPU.ActiveCfg = Release|Any CPU
		{88AD44BF-5583-403F-AC86-6DA7958A15C1}.Release|Any CPU.Build.0 = Release|Any CPU
		{33561EDE-5EEA-40E5-832D-F4D85C8E8F9A}.Debug|Any CPU.ActiveCfg = Debug|Any CPU
		{33561EDE-5EEA-40E5-832D-F4D85C8E8F9A}.Debug|Any CPU.Build.0 = Debug|Any CPU
		{33561EDE-5EEA-40E5-832D-F4D85C8E8F9A}.Release|Any CPU.ActiveCfg = Release|Any CPU
		{33561EDE-5EEA-40E5-832D-F4D85C8E8F9A}.Release|Any CPU.Build.0 = Release|Any CPU
		{7CB64A72-F6F5-4866-B945-FB85015956C8}.Debug|Any CPU.ActiveCfg = Debug|Any CPU
		{7CB64A72-F6F5-4866-B945-FB85015956C8}.Debug|Any CPU.Build.0 = Debug|Any CPU
		{7CB64A72-F6F5-4866-B945-FB85015956C8}.Release|Any CPU.ActiveCfg = Release|Any CPU
		{7CB64A72-F6F5-4866-B945-FB85015956C8}.Release|Any CPU.Build.0 = Release|Any CPU
		{6F39355E-36DA-4AEC-A195-4807B38936D5}.Debug|Any CPU.ActiveCfg = Debug|Any CPU
		{6F39355E-36DA-4AEC-A195-4807B38936D5}.Debug|Any CPU.Build.0 = Debug|Any CPU
		{6F39355E-36DA-4AEC-A195-4807B38936D5}.Release|Any CPU.ActiveCfg = Release|Any CPU
		{6F39355E-36DA-4AEC-A195-4807B38936D5}.Release|Any CPU.Build.0 = Release|Any CPU
		{97A53F03-F092-4FDB-A9C2-F4F873232498}.Debug|Any CPU.ActiveCfg = Debug|Any CPU
		{97A53F03-F092-4FDB-A9C2-F4F873232498}.Debug|Any CPU.Build.0 = Debug|Any CPU
		{97A53F03-F092-4FDB-A9C2-F4F873232498}.Release|Any CPU.ActiveCfg = Release|Any CPU
		{97A53F03-F092-4FDB-A9C2-F4F873232498}.Release|Any CPU.Build.0 = Release|Any CPU
		{49570981-407B-4102-B0DF-6C870CD5D901}.Debug|Any CPU.ActiveCfg = Debug|Any CPU
		{49570981-407B-4102-B0DF-6C870CD5D901}.Debug|Any CPU.Build.0 = Debug|Any CPU
		{49570981-407B-4102-B0DF-6C870CD5D901}.Release|Any CPU.ActiveCfg = Release|Any CPU
		{49570981-407B-4102-B0DF-6C870CD5D901}.Release|Any CPU.Build.0 = Release|Any CPU
		{4E2274AD-7009-40AD-B4A5-4A5989CE37BF}.Debug|Any CPU.ActiveCfg = Debug|Any CPU
		{4E2274AD-7009-40AD-B4A5-4A5989CE37BF}.Debug|Any CPU.Build.0 = Debug|Any CPU
		{4E2274AD-7009-40AD-B4A5-4A5989CE37BF}.Release|Any CPU.ActiveCfg = Release|Any CPU
		{4E2274AD-7009-40AD-B4A5-4A5989CE37BF}.Release|Any CPU.Build.0 = Release|Any CPU
		{4C83807E-706F-459F-BE57-E4EE27A60946}.Debug|Any CPU.ActiveCfg = Debug|Any CPU
		{4C83807E-706F-459F-BE57-E4EE27A60946}.Debug|Any CPU.Build.0 = Debug|Any CPU
		{4C83807E-706F-459F-BE57-E4EE27A60946}.Release|Any CPU.ActiveCfg = Release|Any CPU
		{4C83807E-706F-459F-BE57-E4EE27A60946}.Release|Any CPU.Build.0 = Release|Any CPU
		{642F9A6D-7AA1-4B0E-9F38-B86693CDEA80}.Debug|Any CPU.ActiveCfg = Debug|Any CPU
		{642F9A6D-7AA1-4B0E-9F38-B86693CDEA80}.Debug|Any CPU.Build.0 = Debug|Any CPU
		{642F9A6D-7AA1-4B0E-9F38-B86693CDEA80}.Release|Any CPU.ActiveCfg = Release|Any CPU
		{642F9A6D-7AA1-4B0E-9F38-B86693CDEA80}.Release|Any CPU.Build.0 = Release|Any CPU
		{39685BEE-EF76-4342-A745-5144E1F412F8}.Debug|Any CPU.ActiveCfg = Debug|Any CPU
		{39685BEE-EF76-4342-A745-5144E1F412F8}.Debug|Any CPU.Build.0 = Debug|Any CPU
		{39685BEE-EF76-4342-A745-5144E1F412F8}.Release|Any CPU.ActiveCfg = Release|Any CPU
		{39685BEE-EF76-4342-A745-5144E1F412F8}.Release|Any CPU.Build.0 = Release|Any CPU
		{F399EA8D-B9DA-45C8-BE08-30E4D89E602C}.Debug|Any CPU.ActiveCfg = Debug|Any CPU
		{F399EA8D-B9DA-45C8-BE08-30E4D89E602C}.Debug|Any CPU.Build.0 = Debug|Any CPU
		{F399EA8D-B9DA-45C8-BE08-30E4D89E602C}.Release|Any CPU.ActiveCfg = Release|Any CPU
		{F399EA8D-B9DA-45C8-BE08-30E4D89E602C}.Release|Any CPU.Build.0 = Release|Any CPU
		{3F9C319D-287D-489A-972E-00FD18C2F011}.Debug|Any CPU.ActiveCfg = Debug|Any CPU
		{3F9C319D-287D-489A-972E-00FD18C2F011}.Debug|Any CPU.Build.0 = Debug|Any CPU
		{3F9C319D-287D-489A-972E-00FD18C2F011}.Release|Any CPU.ActiveCfg = Release|Any CPU
		{3F9C319D-287D-489A-972E-00FD18C2F011}.Release|Any CPU.Build.0 = Release|Any CPU
	EndGlobalSection
	GlobalSection(SolutionProperties) = preSolution
		HideSolutionNode = FALSE
	EndGlobalSection
	GlobalSection(NestedProjects) = preSolution
		{D4A2F719-073B-4CC4-A28C-B7BCDF97F65B} = {39CA6719-7F11-4A72-946C-8970E56C4658}
		{8B62AF3A-C232-46ED-979E-010B753CE5D3} = {FA1B1370-AD0B-457B-8F6A-E6ABF5FE65B3}
		{C4071F52-4845-40DB-BF73-9625EB786C64} = {39CA6719-7F11-4A72-946C-8970E56C4658}
		{C14DC1DC-EB41-45A9-A27B-7DA3A94BF2C4} = {C4071F52-4845-40DB-BF73-9625EB786C64}
		{46232C37-B89E-45C1-9ACB-E0707FC9CF96} = {C4071F52-4845-40DB-BF73-9625EB786C64}
		{592A64E3-3D1A-4B58-B57E-7CB02224CA4A} = {C4046A49-D1FA-400C-B7D7-5414868DDCE8}
		{8516652E-DAFF-4354-AC22-006CC731EB1C} = {C4046A49-D1FA-400C-B7D7-5414868DDCE8}
		{2E006C34-0AC7-44A7-806B-E4107966C89A} = {C4046A49-D1FA-400C-B7D7-5414868DDCE8}
		{FA1B1370-AD0B-457B-8F6A-E6ABF5FE65B3} = {39CA6719-7F11-4A72-946C-8970E56C4658}
		{1E39B7E5-98E3-4299-8213-9339D0353A03} = {FA1B1370-AD0B-457B-8F6A-E6ABF5FE65B3}
		{E0B90562-C57B-47C3-9219-8F0DBF17F892} = {FA1B1370-AD0B-457B-8F6A-E6ABF5FE65B3}
		{079DDB18-9A5C-4536-AF54-3FF2D3667B32} = {FA1B1370-AD0B-457B-8F6A-E6ABF5FE65B3}
		{13F35C45-6601-4F92-9CB9-9F5DAD2146F4} = {FA1B1370-AD0B-457B-8F6A-E6ABF5FE65B3}
		{2EAB9402-18B3-494D-AF82-D63E296A012F} = {FA1B1370-AD0B-457B-8F6A-E6ABF5FE65B3}
		{CD16A60B-CCF1-4526-9AD3-86C204173F49} = {EAA8C0A5-6349-4CF1-BFA2-8AE55CA4AD76}
		{926A7E73-DC0B-4F89-B10C-10A59E870725} = {EAA8C0A5-6349-4CF1-BFA2-8AE55CA4AD76}
		{C6A2340E-F955-41EE-B846-7E8F3879B73E} = {EAA8C0A5-6349-4CF1-BFA2-8AE55CA4AD76}
		{8BAC0CBA-4807-4523-858F-625597C5D9CC} = {91655432-3E46-4F2B-B2DF-7B9ACF411976}
		{03AE53E7-13D4-4EEF-9110-8EE41D29D70F} = {91655432-3E46-4F2B-B2DF-7B9ACF411976}
		{F0B185E4-E3EF-420B-BA3B-8118FAD9123D} = {91655432-3E46-4F2B-B2DF-7B9ACF411976}
		{CAE17E0F-6831-4171-BAEB-90D6066224FE} = {E0B90562-C57B-47C3-9219-8F0DBF17F892}
		{35287940-2F8B-46F8-8FA9-48FBC36AB18D} = {57A8F495-C2FE-458D-AC8B-80BCDC22ACFA}
		{6DA49FB9-65BD-4B91-A521-EC5377664086} = {57A8F495-C2FE-458D-AC8B-80BCDC22ACFA}
		{B7647582-8383-4FD7-8464-5F0B46437904} = {57A8F495-C2FE-458D-AC8B-80BCDC22ACFA}
		{57A8F495-C2FE-458D-AC8B-80BCDC22ACFA} = {079DDB18-9A5C-4536-AF54-3FF2D3667B32}
		{91655432-3E46-4F2B-B2DF-7B9ACF411976} = {13F35C45-6601-4F92-9CB9-9F5DAD2146F4}
		{EAA8C0A5-6349-4CF1-BFA2-8AE55CA4AD76} = {2EAB9402-18B3-494D-AF82-D63E296A012F}
		{372C7BF8-E3A6-45E0-A530-7950D140876F} = {1E39B7E5-98E3-4299-8213-9339D0353A03}
		{AA658869-5849-4106-B4A7-47480D30F2C0} = {E0B90562-C57B-47C3-9219-8F0DBF17F892}
		{B0AA67CA-D403-4159-8ADB-751906142546} = {372C7BF8-E3A6-45E0-A530-7950D140876F}
		{16A4440C-CB3A-4EF7-8BB5-2345005E971D} = {372C7BF8-E3A6-45E0-A530-7950D140876F}
		{FF0A5123-28E9-4E2C-9C70-CACBA3BFCF73} = {372C7BF8-E3A6-45E0-A530-7950D140876F}
		{9AF86631-FFC8-4440-8ED1-7EB07CF8C1B0} = {1E39B7E5-98E3-4299-8213-9339D0353A03}
		{88AD44BF-5583-403F-AC86-6DA7958A15C1} = {9AF86631-FFC8-4440-8ED1-7EB07CF8C1B0}
		{33561EDE-5EEA-40E5-832D-F4D85C8E8F9A} = {9AF86631-FFC8-4440-8ED1-7EB07CF8C1B0}
		{7CB64A72-F6F5-4866-B945-FB85015956C8} = {9AF86631-FFC8-4440-8ED1-7EB07CF8C1B0}
		{2D1791AF-5422-4FC9-B51B-CB1E86FA1919} = {079DDB18-9A5C-4536-AF54-3FF2D3667B32}
		{6F39355E-36DA-4AEC-A195-4807B38936D5} = {2D1791AF-5422-4FC9-B51B-CB1E86FA1919}
		{97A53F03-F092-4FDB-A9C2-F4F873232498} = {2D1791AF-5422-4FC9-B51B-CB1E86FA1919}
		{49570981-407B-4102-B0DF-6C870CD5D901} = {2D1791AF-5422-4FC9-B51B-CB1E86FA1919}
		{482A3925-DB00-4CF7-9114-D6645247E27A} = {2EAB9402-18B3-494D-AF82-D63E296A012F}
		{72A10975-E4B4-4948-9205-3DED122B216F} = {13F35C45-6601-4F92-9CB9-9F5DAD2146F4}
		{4E2274AD-7009-40AD-B4A5-4A5989CE37BF} = {482A3925-DB00-4CF7-9114-D6645247E27A}
		{4C83807E-706F-459F-BE57-E4EE27A60946} = {482A3925-DB00-4CF7-9114-D6645247E27A}
		{642F9A6D-7AA1-4B0E-9F38-B86693CDEA80} = {482A3925-DB00-4CF7-9114-D6645247E27A}
		{39685BEE-EF76-4342-A745-5144E1F412F8} = {72A10975-E4B4-4948-9205-3DED122B216F}
		{F399EA8D-B9DA-45C8-BE08-30E4D89E602C} = {72A10975-E4B4-4948-9205-3DED122B216F}
		{3F9C319D-287D-489A-972E-00FD18C2F011} = {72A10975-E4B4-4948-9205-3DED122B216F}
	EndGlobalSection
	GlobalSection(ExtensibilityGlobals) = postSolution
		SolutionGuid = {0F7E334F-E2EF-47B9-BA58-4BC4C85E01A7}
	EndGlobalSection
EndGlobal
