
Microsoft Visual Studio Solution File, Format Version 12.00
# Visual Studio Version 17
VisualStudioVersion = 17.0.32014.148
MinimumVisualStudioVersion = 10.0.40219.1
Project("{9A19103F-16F7-4668-BE54-9A1E7A4F7556}") = "Shared.Kernel", "Source\Shared\Kernel\Shared.Kernel.csproj", "{D4A2F719-073B-4CC4-A28C-B7BCDF97F65B}"
EndProject
Project("{2150E333-8FDC-42A3-9474-1A3956D46DE8}") = "Source", "Source", "{39CA6719-7F11-4A72-946C-8970E56C4658}"
EndProject
Project("{2150E333-8FDC-42A3-9474-1A3956D46DE8}") = "Tests", "Tests", "{C4046A49-D1FA-400C-B7D7-5414868DDCE8}"
EndProject
Project("{2150E333-8FDC-42A3-9474-1A3956D46DE8}") = "Web", "Web", "{C4071F52-4845-40DB-BF73-9625EB786C64}"
EndProject
Project("{9A19103F-16F7-4668-BE54-9A1E7A4F7556}") = "Web.Server", "Source\Web\Server\Web.Server.csproj", "{C14DC1DC-EB41-45A9-A27B-7DA3A94BF2C4}"
EndProject
Project("{9A19103F-16F7-4668-BE54-9A1E7A4F7556}") = "Web.Client", "Source\Web\Client\Web.Client.csproj", "{46232C37-B89E-45C1-9ACB-E0707FC9CF96}"
EndProject
Project("{2150E333-8FDC-42A3-9474-1A3956D46DE8}") = "Modules", "Modules", "{FA1B1370-AD0B-457B-8F6A-E6ABF5FE65B3}"
EndProject
Project("{2150E333-8FDC-42A3-9474-1A3956D46DE8}") = "Channels", "Channels", "{1E39B7E5-98E3-4299-8213-9339D0353A03}"
EndProject
Project("{2150E333-8FDC-42A3-9474-1A3956D46DE8}") = "LandingPages", "LandingPages", "{E0B90562-C57B-47C3-9219-8F0DBF17F892}"
EndProject
Project("{2150E333-8FDC-42A3-9474-1A3956D46DE8}") = "Subscriptions", "Subscriptions", "{13F35C45-6601-4F92-9CB9-9F5DAD2146F4}"
EndProject
Project("{2150E333-8FDC-42A3-9474-1A3956D46DE8}") = "TenantIdentity", "TenantIdentity", "{2EAB9402-18B3-494D-AF82-D63E296A012F}"
EndProject
Project("{9A19103F-16F7-4668-BE54-9A1E7A4F7556}") = "Modules.Channels.Web.Shared", "Source\Modules\Channels\Web\DTOs\Modules.Channels.Web.Shared.csproj", "{88AD44BF-5583-403F-AC86-6DA7958A15C1}"
EndProject
Project("{9A19103F-16F7-4668-BE54-9A1E7A4F7556}") = "Modules.TenantIdentity.Web.Shared", "Source\Modules\TenantIdentity\Web\DTOs\Modules.TenantIdentity.Web.Shared.csproj", "{4E2274AD-7009-40AD-B4A5-4A5989CE37BF}"
EndProject
Project("{9A19103F-16F7-4668-BE54-9A1E7A4F7556}") = "Modules.TenantIdentity.Web.Server", "Source\Modules\TenantIdentity\Web\Server\Modules.TenantIdentity.Web.Server.csproj", "{4C83807E-706F-459F-BE57-E4EE27A60946}"
EndProject
Project("{9A19103F-16F7-4668-BE54-9A1E7A4F7556}") = "Modules.TenantIdentity.Web.Client", "Source\Modules\TenantIdentity\Web\Client\Modules.TenantIdentity.Web.Client.csproj", "{642F9A6D-7AA1-4B0E-9F38-B86693CDEA80}"
EndProject
Project("{9A19103F-16F7-4668-BE54-9A1E7A4F7556}") = "Modules.Subscriptions.Web.Shared", "Source\Modules\Subscription\Web\DTOs\Modules.Subscriptions.Web.Shared.csproj", "{39685BEE-EF76-4342-A745-5144E1F412F8}"
EndProject
Project("{9A19103F-16F7-4668-BE54-9A1E7A4F7556}") = "Modules.Subscriptions.Web.Server", "Source\Modules\Subscription\Web\Server\Modules.Subscriptions.Web.Server.csproj", "{F399EA8D-B9DA-45C8-BE08-30E4D89E602C}"
EndProject
Project("{9A19103F-16F7-4668-BE54-9A1E7A4F7556}") = "Modules.Subscriptions.Web.Client", "Source\Modules\Subscription\Web\Client\Modules.Subscriptions.Web.Client.csproj", "{3F9C319D-287D-489A-972E-00FD18C2F011}"
EndProject
Project("{9A19103F-16F7-4668-BE54-9A1E7A4F7556}") = "Modules.Channels.IntegrationEvents", "Source\Modules\Channels\IntegrationEvents\Modules.Channels.IntegrationEvents.csproj", "{8A532D91-CFA8-4BC2-9758-A05DCFAF8F91}"
EndProject
Project("{9A19103F-16F7-4668-BE54-9A1E7A4F7556}") = "Modules.Subscriptions.IntegrationEvents", "Source\Modules\Subscription\IntegrationEvents\Modules.Subscriptions.IntegrationEvents.csproj", "{89AB8CEE-2C18-48BC-83FD-C34EADE5D40E}"
EndProject
Project("{9A19103F-16F7-4668-BE54-9A1E7A4F7556}") = "Modules.TenantIdentity.IntegrationEvents", "Source\Modules\TenantIdentity\IntegrationEvents\Modules.TenantIdentity.IntegrationEvents.csproj", "{3CC1B0C5-BFD9-4CE2-9C01-9FD4BC73902C}"
EndProject
Project("{2150E333-8FDC-42A3-9474-1A3956D46DE8}") = "Shared", "Shared", "{2980C86A-0185-482C-8547-B157CAE9AF2F}"
EndProject
Project("{9A19103F-16F7-4668-BE54-9A1E7A4F7556}") = "Shared.Features", "Source\Shared\Features\Shared.Features.csproj", "{63541174-DD9C-4969-8576-17866923ECFD}"
EndProject
Project("{9A19103F-16F7-4668-BE54-9A1E7A4F7556}") = "Modules.LandingPages.Server", "Source\Modules\LandingPages\Web\Server\Modules.LandingPages.Server.csproj", "{E9143285-4FC3-4D87-BAE0-7FF8C8D63228}"
EndProject
Project("{9A19103F-16F7-4668-BE54-9A1E7A4F7556}") = "Modules.Channels.Web.Server", "Source\Modules\Channels\Web\Server\Modules.Channels.Web.Server.csproj", "{92C1F7D6-FCBD-46FE-A3B5-6303DF0FA802}"
EndProject
Project("{9A19103F-16F7-4668-BE54-9A1E7A4F7556}") = "Modules.Channels.Web.Client", "Source\Modules\Channels\Web\Client\Modules.Channels.Web.Client.csproj", "{4D55F442-C753-48AD-A496-071A0AA4A53E}"
EndProject
Project("{9A19103F-16F7-4668-BE54-9A1E7A4F7556}") = "ArchitectureTests", "Tests\ArchitectureTests\ArchitectureTests.csproj", "{C65F4897-3909-4666-B8FB-7C546C625365}"
EndProject
Project("{2150E333-8FDC-42A3-9474-1A3956D46DE8}") = "Web", "Web", "{349B99D4-4381-4B8D-A638-D73E9FFB4BF8}"
EndProject
Project("{2150E333-8FDC-42A3-9474-1A3956D46DE8}") = "Web", "Web", "{8602DFB4-8FE1-4434-BEB7-258CDCAE98F3}"
EndProject
Project("{2150E333-8FDC-42A3-9474-1A3956D46DE8}") = "Web", "Web", "{2F6AB579-E4CA-447F-B459-265436839538}"
EndProject
Project("{9A19103F-16F7-4668-BE54-9A1E7A4F7556}") = "Modules.TenantIdentity.Features", "Source\Modules\TenantIdentity\Features\Modules.TenantIdentity.Features\Modules.TenantIdentity.Features.csproj", "{4A908204-B4FC-4A9F-AF7A-8C85A134CC9D}"
EndProject
Project("{9A19103F-16F7-4668-BE54-9A1E7A4F7556}") = "Modules.Subscriptions.Features", "Source\Modules\Subscription\Features\Modules.Subscription.Features\Modules.Subscriptions.Features.csproj", "{64C9BBFD-D05B-43CD-8213-AD3C4414D54C}"
EndProject
Project("{9A19103F-16F7-4668-BE54-9A1E7A4F7556}") = "Modules.Channels.Features", "Source\Modules\Channels\Features\Modules.Channels.Features.csproj", "{EE30F6EF-BE5E-4BFB-B56B-63C13568FD23}"
EndProject
Project("{FAE04EC0-301F-11D3-BF4B-00C04F79EFBC}") = "Shared.Client", "Source\Shared\Client\Shared.Client.csproj", "{EFE72943-FDF2-46C3-A257-5C5EBD55F1DB}"
EndProject
Global
	GlobalSection(SolutionConfigurationPlatforms) = preSolution
		Debug|Any CPU = Debug|Any CPU
		Release|Any CPU = Release|Any CPU
	EndGlobalSection
	GlobalSection(ProjectConfigurationPlatforms) = postSolution
		{D4A2F719-073B-4CC4-A28C-B7BCDF97F65B}.Debug|Any CPU.ActiveCfg = Debug|Any CPU
		{D4A2F719-073B-4CC4-A28C-B7BCDF97F65B}.Debug|Any CPU.Build.0 = Debug|Any CPU
		{D4A2F719-073B-4CC4-A28C-B7BCDF97F65B}.Release|Any CPU.ActiveCfg = Release|Any CPU
		{D4A2F719-073B-4CC4-A28C-B7BCDF97F65B}.Release|Any CPU.Build.0 = Release|Any CPU
		{C14DC1DC-EB41-45A9-A27B-7DA3A94BF2C4}.Debug|Any CPU.ActiveCfg = Debug|Any CPU
		{C14DC1DC-EB41-45A9-A27B-7DA3A94BF2C4}.Debug|Any CPU.Build.0 = Debug|Any CPU
		{C14DC1DC-EB41-45A9-A27B-7DA3A94BF2C4}.Release|Any CPU.ActiveCfg = Release|Any CPU
		{C14DC1DC-EB41-45A9-A27B-7DA3A94BF2C4}.Release|Any CPU.Build.0 = Release|Any CPU
		{46232C37-B89E-45C1-9ACB-E0707FC9CF96}.Debug|Any CPU.ActiveCfg = Debug|Any CPU
		{46232C37-B89E-45C1-9ACB-E0707FC9CF96}.Debug|Any CPU.Build.0 = Debug|Any CPU
		{46232C37-B89E-45C1-9ACB-E0707FC9CF96}.Release|Any CPU.ActiveCfg = Release|Any CPU
		{46232C37-B89E-45C1-9ACB-E0707FC9CF96}.Release|Any CPU.Build.0 = Release|Any CPU
		{88AD44BF-5583-403F-AC86-6DA7958A15C1}.Debug|Any CPU.ActiveCfg = Debug|Any CPU
		{88AD44BF-5583-403F-AC86-6DA7958A15C1}.Debug|Any CPU.Build.0 = Debug|Any CPU
		{88AD44BF-5583-403F-AC86-6DA7958A15C1}.Release|Any CPU.ActiveCfg = Release|Any CPU
		{88AD44BF-5583-403F-AC86-6DA7958A15C1}.Release|Any CPU.Build.0 = Release|Any CPU
		{4E2274AD-7009-40AD-B4A5-4A5989CE37BF}.Debug|Any CPU.ActiveCfg = Debug|Any CPU
		{4E2274AD-7009-40AD-B4A5-4A5989CE37BF}.Debug|Any CPU.Build.0 = Debug|Any CPU
		{4E2274AD-7009-40AD-B4A5-4A5989CE37BF}.Release|Any CPU.ActiveCfg = Release|Any CPU
		{4E2274AD-7009-40AD-B4A5-4A5989CE37BF}.Release|Any CPU.Build.0 = Release|Any CPU
		{4C83807E-706F-459F-BE57-E4EE27A60946}.Debug|Any CPU.ActiveCfg = Debug|Any CPU
		{4C83807E-706F-459F-BE57-E4EE27A60946}.Debug|Any CPU.Build.0 = Debug|Any CPU
		{4C83807E-706F-459F-BE57-E4EE27A60946}.Release|Any CPU.ActiveCfg = Release|Any CPU
		{4C83807E-706F-459F-BE57-E4EE27A60946}.Release|Any CPU.Build.0 = Release|Any CPU
		{642F9A6D-7AA1-4B0E-9F38-B86693CDEA80}.Debug|Any CPU.ActiveCfg = Debug|Any CPU
		{642F9A6D-7AA1-4B0E-9F38-B86693CDEA80}.Debug|Any CPU.Build.0 = Debug|Any CPU
		{642F9A6D-7AA1-4B0E-9F38-B86693CDEA80}.Release|Any CPU.ActiveCfg = Release|Any CPU
		{642F9A6D-7AA1-4B0E-9F38-B86693CDEA80}.Release|Any CPU.Build.0 = Release|Any CPU
		{39685BEE-EF76-4342-A745-5144E1F412F8}.Debug|Any CPU.ActiveCfg = Debug|Any CPU
		{39685BEE-EF76-4342-A745-5144E1F412F8}.Debug|Any CPU.Build.0 = Debug|Any CPU
		{39685BEE-EF76-4342-A745-5144E1F412F8}.Release|Any CPU.ActiveCfg = Release|Any CPU
		{39685BEE-EF76-4342-A745-5144E1F412F8}.Release|Any CPU.Build.0 = Release|Any CPU
		{F399EA8D-B9DA-45C8-BE08-30E4D89E602C}.Debug|Any CPU.ActiveCfg = Debug|Any CPU
		{F399EA8D-B9DA-45C8-BE08-30E4D89E602C}.Debug|Any CPU.Build.0 = Debug|Any CPU
		{F399EA8D-B9DA-45C8-BE08-30E4D89E602C}.Release|Any CPU.ActiveCfg = Release|Any CPU
		{F399EA8D-B9DA-45C8-BE08-30E4D89E602C}.Release|Any CPU.Build.0 = Release|Any CPU
		{3F9C319D-287D-489A-972E-00FD18C2F011}.Debug|Any CPU.ActiveCfg = Debug|Any CPU
		{3F9C319D-287D-489A-972E-00FD18C2F011}.Debug|Any CPU.Build.0 = Debug|Any CPU
		{3F9C319D-287D-489A-972E-00FD18C2F011}.Release|Any CPU.ActiveCfg = Release|Any CPU
		{3F9C319D-287D-489A-972E-00FD18C2F011}.Release|Any CPU.Build.0 = Release|Any CPU
		{8A532D91-CFA8-4BC2-9758-A05DCFAF8F91}.Debug|Any CPU.ActiveCfg = Debug|Any CPU
		{8A532D91-CFA8-4BC2-9758-A05DCFAF8F91}.Debug|Any CPU.Build.0 = Debug|Any CPU
		{8A532D91-CFA8-4BC2-9758-A05DCFAF8F91}.Release|Any CPU.ActiveCfg = Release|Any CPU
		{8A532D91-CFA8-4BC2-9758-A05DCFAF8F91}.Release|Any CPU.Build.0 = Release|Any CPU
		{89AB8CEE-2C18-48BC-83FD-C34EADE5D40E}.Debug|Any CPU.ActiveCfg = Debug|Any CPU
		{89AB8CEE-2C18-48BC-83FD-C34EADE5D40E}.Debug|Any CPU.Build.0 = Debug|Any CPU
		{89AB8CEE-2C18-48BC-83FD-C34EADE5D40E}.Release|Any CPU.ActiveCfg = Release|Any CPU
		{89AB8CEE-2C18-48BC-83FD-C34EADE5D40E}.Release|Any CPU.Build.0 = Release|Any CPU
		{3CC1B0C5-BFD9-4CE2-9C01-9FD4BC73902C}.Debug|Any CPU.ActiveCfg = Debug|Any CPU
		{3CC1B0C5-BFD9-4CE2-9C01-9FD4BC73902C}.Debug|Any CPU.Build.0 = Debug|Any CPU
		{3CC1B0C5-BFD9-4CE2-9C01-9FD4BC73902C}.Release|Any CPU.ActiveCfg = Release|Any CPU
		{3CC1B0C5-BFD9-4CE2-9C01-9FD4BC73902C}.Release|Any CPU.Build.0 = Release|Any CPU
		{63541174-DD9C-4969-8576-17866923ECFD}.Debug|Any CPU.ActiveCfg = Debug|Any CPU
		{63541174-DD9C-4969-8576-17866923ECFD}.Debug|Any CPU.Build.0 = Debug|Any CPU
		{63541174-DD9C-4969-8576-17866923ECFD}.Release|Any CPU.ActiveCfg = Release|Any CPU
		{63541174-DD9C-4969-8576-17866923ECFD}.Release|Any CPU.Build.0 = Release|Any CPU
		{E9143285-4FC3-4D87-BAE0-7FF8C8D63228}.Debug|Any CPU.ActiveCfg = Debug|Any CPU
		{E9143285-4FC3-4D87-BAE0-7FF8C8D63228}.Debug|Any CPU.Build.0 = Debug|Any CPU
		{E9143285-4FC3-4D87-BAE0-7FF8C8D63228}.Release|Any CPU.ActiveCfg = Release|Any CPU
		{E9143285-4FC3-4D87-BAE0-7FF8C8D63228}.Release|Any CPU.Build.0 = Release|Any CPU
		{92C1F7D6-FCBD-46FE-A3B5-6303DF0FA802}.Debug|Any CPU.ActiveCfg = Debug|Any CPU
		{92C1F7D6-FCBD-46FE-A3B5-6303DF0FA802}.Debug|Any CPU.Build.0 = Debug|Any CPU
		{92C1F7D6-FCBD-46FE-A3B5-6303DF0FA802}.Release|Any CPU.ActiveCfg = Release|Any CPU
		{92C1F7D6-FCBD-46FE-A3B5-6303DF0FA802}.Release|Any CPU.Build.0 = Release|Any CPU
		{4D55F442-C753-48AD-A496-071A0AA4A53E}.Debug|Any CPU.ActiveCfg = Debug|Any CPU
		{4D55F442-C753-48AD-A496-071A0AA4A53E}.Debug|Any CPU.Build.0 = Debug|Any CPU
		{4D55F442-C753-48AD-A496-071A0AA4A53E}.Release|Any CPU.ActiveCfg = Release|Any CPU
		{4D55F442-C753-48AD-A496-071A0AA4A53E}.Release|Any CPU.Build.0 = Release|Any CPU
		{C65F4897-3909-4666-B8FB-7C546C625365}.Debug|Any CPU.ActiveCfg = Debug|Any CPU
		{C65F4897-3909-4666-B8FB-7C546C625365}.Debug|Any CPU.Build.0 = Debug|Any CPU
		{C65F4897-3909-4666-B8FB-7C546C625365}.Release|Any CPU.ActiveCfg = Release|Any CPU
		{C65F4897-3909-4666-B8FB-7C546C625365}.Release|Any CPU.Build.0 = Release|Any CPU
		{4A908204-B4FC-4A9F-AF7A-8C85A134CC9D}.Debug|Any CPU.ActiveCfg = Debug|Any CPU
		{4A908204-B4FC-4A9F-AF7A-8C85A134CC9D}.Debug|Any CPU.Build.0 = Debug|Any CPU
		{4A908204-B4FC-4A9F-AF7A-8C85A134CC9D}.Release|Any CPU.ActiveCfg = Release|Any CPU
		{4A908204-B4FC-4A9F-AF7A-8C85A134CC9D}.Release|Any CPU.Build.0 = Release|Any CPU
		{64C9BBFD-D05B-43CD-8213-AD3C4414D54C}.Debug|Any CPU.ActiveCfg = Debug|Any CPU
		{64C9BBFD-D05B-43CD-8213-AD3C4414D54C}.Debug|Any CPU.Build.0 = Debug|Any CPU
		{64C9BBFD-D05B-43CD-8213-AD3C4414D54C}.Release|Any CPU.ActiveCfg = Release|Any CPU
		{64C9BBFD-D05B-43CD-8213-AD3C4414D54C}.Release|Any CPU.Build.0 = Release|Any CPU
		{EE30F6EF-BE5E-4BFB-B56B-63C13568FD23}.Debug|Any CPU.ActiveCfg = Debug|Any CPU
		{EE30F6EF-BE5E-4BFB-B56B-63C13568FD23}.Debug|Any CPU.Build.0 = Debug|Any CPU
		{EE30F6EF-BE5E-4BFB-B56B-63C13568FD23}.Release|Any CPU.ActiveCfg = Release|Any CPU
		{EE30F6EF-BE5E-4BFB-B56B-63C13568FD23}.Release|Any CPU.Build.0 = Release|Any CPU
		{EFE72943-FDF2-46C3-A257-5C5EBD55F1DB}.Debug|Any CPU.ActiveCfg = Debug|Any CPU
		{EFE72943-FDF2-46C3-A257-5C5EBD55F1DB}.Debug|Any CPU.Build.0 = Debug|Any CPU
		{EFE72943-FDF2-46C3-A257-5C5EBD55F1DB}.Release|Any CPU.ActiveCfg = Release|Any CPU
		{EFE72943-FDF2-46C3-A257-5C5EBD55F1DB}.Release|Any CPU.Build.0 = Release|Any CPU
	EndGlobalSection
	GlobalSection(SolutionProperties) = preSolution
		HideSolutionNode = FALSE
	EndGlobalSection
	GlobalSection(NestedProjects) = preSolution
		{D4A2F719-073B-4CC4-A28C-B7BCDF97F65B} = {2980C86A-0185-482C-8547-B157CAE9AF2F}
		{C4071F52-4845-40DB-BF73-9625EB786C64} = {39CA6719-7F11-4A72-946C-8970E56C4658}
		{C14DC1DC-EB41-45A9-A27B-7DA3A94BF2C4} = {C4071F52-4845-40DB-BF73-9625EB786C64}
		{46232C37-B89E-45C1-9ACB-E0707FC9CF96} = {C4071F52-4845-40DB-BF73-9625EB786C64}
		{FA1B1370-AD0B-457B-8F6A-E6ABF5FE65B3} = {39CA6719-7F11-4A72-946C-8970E56C4658}
		{1E39B7E5-98E3-4299-8213-9339D0353A03} = {FA1B1370-AD0B-457B-8F6A-E6ABF5FE65B3}
		{E0B90562-C57B-47C3-9219-8F0DBF17F892} = {FA1B1370-AD0B-457B-8F6A-E6ABF5FE65B3}
		{13F35C45-6601-4F92-9CB9-9F5DAD2146F4} = {FA1B1370-AD0B-457B-8F6A-E6ABF5FE65B3}
		{2EAB9402-18B3-494D-AF82-D63E296A012F} = {FA1B1370-AD0B-457B-8F6A-E6ABF5FE65B3}
		{88AD44BF-5583-403F-AC86-6DA7958A15C1} = {2F6AB579-E4CA-447F-B459-265436839538}
		{4E2274AD-7009-40AD-B4A5-4A5989CE37BF} = {8602DFB4-8FE1-4434-BEB7-258CDCAE98F3}
		{4C83807E-706F-459F-BE57-E4EE27A60946} = {8602DFB4-8FE1-4434-BEB7-258CDCAE98F3}
		{642F9A6D-7AA1-4B0E-9F38-B86693CDEA80} = {8602DFB4-8FE1-4434-BEB7-258CDCAE98F3}
		{39685BEE-EF76-4342-A745-5144E1F412F8} = {349B99D4-4381-4B8D-A638-D73E9FFB4BF8}
		{F399EA8D-B9DA-45C8-BE08-30E4D89E602C} = {349B99D4-4381-4B8D-A638-D73E9FFB4BF8}
		{3F9C319D-287D-489A-972E-00FD18C2F011} = {349B99D4-4381-4B8D-A638-D73E9FFB4BF8}
		{8A532D91-CFA8-4BC2-9758-A05DCFAF8F91} = {1E39B7E5-98E3-4299-8213-9339D0353A03}
		{89AB8CEE-2C18-48BC-83FD-C34EADE5D40E} = {13F35C45-6601-4F92-9CB9-9F5DAD2146F4}
		{3CC1B0C5-BFD9-4CE2-9C01-9FD4BC73902C} = {2EAB9402-18B3-494D-AF82-D63E296A012F}
		{2980C86A-0185-482C-8547-B157CAE9AF2F} = {39CA6719-7F11-4A72-946C-8970E56C4658}
		{63541174-DD9C-4969-8576-17866923ECFD} = {2980C86A-0185-482C-8547-B157CAE9AF2F}
		{E9143285-4FC3-4D87-BAE0-7FF8C8D63228} = {E0B90562-C57B-47C3-9219-8F0DBF17F892}
		{92C1F7D6-FCBD-46FE-A3B5-6303DF0FA802} = {2F6AB579-E4CA-447F-B459-265436839538}
		{4D55F442-C753-48AD-A496-071A0AA4A53E} = {2F6AB579-E4CA-447F-B459-265436839538}
		{C65F4897-3909-4666-B8FB-7C546C625365} = {C4046A49-D1FA-400C-B7D7-5414868DDCE8}
		{349B99D4-4381-4B8D-A638-D73E9FFB4BF8} = {13F35C45-6601-4F92-9CB9-9F5DAD2146F4}
		{8602DFB4-8FE1-4434-BEB7-258CDCAE98F3} = {2EAB9402-18B3-494D-AF82-D63E296A012F}
		{2F6AB579-E4CA-447F-B459-265436839538} = {1E39B7E5-98E3-4299-8213-9339D0353A03}
		{4A908204-B4FC-4A9F-AF7A-8C85A134CC9D} = {2EAB9402-18B3-494D-AF82-D63E296A012F}
		{64C9BBFD-D05B-43CD-8213-AD3C4414D54C} = {13F35C45-6601-4F92-9CB9-9F5DAD2146F4}
		{EE30F6EF-BE5E-4BFB-B56B-63C13568FD23} = {1E39B7E5-98E3-4299-8213-9339D0353A03}
		{EFE72943-FDF2-46C3-A257-5C5EBD55F1DB} = {2980C86A-0185-482C-8547-B157CAE9AF2F}
	EndGlobalSection
	GlobalSection(ExtensibilityGlobals) = postSolution
		SolutionGuid = {0F7E334F-E2EF-47B9-BA58-4BC4C85E01A7}
	EndGlobalSection
EndGlobal
